// !$*UTF8*$!
{
	archiveVersion = 1;
	classes = {
	};
	objectVersion = 46;
	objects = {

/* Begin PBXBuildFile section */
		0FA17EB518520F6700C5BEB7 /* UIKit.framework in Frameworks */ = {isa = PBXBuildFile; fileRef = 0FA17EB418520F6700C5BEB7 /* UIKit.framework */; };
		0FA17EB718520F6700C5BEB7 /* Foundation.framework in Frameworks */ = {isa = PBXBuildFile; fileRef = 0FA17EB618520F6700C5BEB7 /* Foundation.framework */; };
		0FA17EB918520F6700C5BEB7 /* CoreGraphics.framework in Frameworks */ = {isa = PBXBuildFile; fileRef = 0FA17EB818520F6700C5BEB7 /* CoreGraphics.framework */; };
		0FA17EBF18520F6700C5BEB7 /* InfoPlist.strings in Resources */ = {isa = PBXBuildFile; fileRef = 0FA17EBD18520F6700C5BEB7 /* InfoPlist.strings */; };
		0FA17EC118520F6700C5BEB7 /* main.m in Sources */ = {isa = PBXBuildFile; fileRef = 0FA17EC018520F6700C5BEB7 /* main.m */; };
		0FA17EC518520F6700C5BEB7 /* AppDelegate.m in Sources */ = {isa = PBXBuildFile; fileRef = 0FA17EC418520F6700C5BEB7 /* AppDelegate.m */; };
		0FA17ECD18520F6700C5BEB7 /* SenTestingKit.framework in Frameworks */ = {isa = PBXBuildFile; fileRef = 0FA17ECC18520F6700C5BEB7 /* SenTestingKit.framework */; };
		0FA17ECE18520F6700C5BEB7 /* UIKit.framework in Frameworks */ = {isa = PBXBuildFile; fileRef = 0FA17EB418520F6700C5BEB7 /* UIKit.framework */; };
		0FA17ECF18520F6700C5BEB7 /* Foundation.framework in Frameworks */ = {isa = PBXBuildFile; fileRef = 0FA17EB618520F6700C5BEB7 /* Foundation.framework */; };
		0FA17ED718520F6700C5BEB7 /* InfoPlist.strings in Resources */ = {isa = PBXBuildFile; fileRef = 0FA17ED518520F6700C5BEB7 /* InfoPlist.strings */; };
		0FA17EDA18520F6700C5BEB7 /* iVirtualUTTTests.m in Sources */ = {isa = PBXBuildFile; fileRef = 0FA17ED918520F6700C5BEB7 /* iVirtualUTTTests.m */; };
/* End PBXBuildFile section */

/* Begin PBXContainerItemProxy section */
		0FA17ED018520F6700C5BEB7 /* PBXContainerItemProxy */ = {
			isa = PBXContainerItemProxy;
			containerPortal = 0FA17EA718520F6600C5BEB7 /* Project object */;
			proxyType = 1;
			remoteGlobalIDString = 0FA17EAF18520F6700C5BEB7;
			remoteInfo = iVirtualUTT;
		};
/* End PBXContainerItemProxy section */

/* Begin PBXFileReference section */
		0FA17EB018520F6700C5BEB7 /* iVirtualUTT.app */ = {isa = PBXFileReference; explicitFileType = wrapper.application; includeInIndex = 0; path = iVirtualUTT.app; sourceTree = BUILT_PRODUCTS_DIR; };
		0FA17EB418520F6700C5BEB7 /* UIKit.framework */ = {isa = PBXFileReference; lastKnownFileType = wrapper.framework; name = UIKit.framework; path = System/Library/Frameworks/UIKit.framework; sourceTree = SDKROOT; };
		0FA17EB618520F6700C5BEB7 /* Foundation.framework */ = {isa = PBXFileReference; lastKnownFileType = wrapper.framework; name = Foundation.framework; path = System/Library/Frameworks/Foundation.framework; sourceTree = SDKROOT; };
		0FA17EB818520F6700C5BEB7 /* CoreGraphics.framework */ = {isa = PBXFileReference; lastKnownFileType = wrapper.framework; name = CoreGraphics.framework; path = System/Library/Frameworks/CoreGraphics.framework; sourceTree = SDKROOT; };
		0FA17EBC18520F6700C5BEB7 /* iVirtualUTT-Info.plist */ = {isa = PBXFileReference; path = "iVirtualUTT-Info.plist"; sourceTree = "<group>"; };
		0FA17EBE18520F6700C5BEB7 /* en */ = {isa = PBXFileReference; lastKnownFileType = text.plist.strings; name = en; path = en.lproj/InfoPlist.strings; sourceTree = "<group>"; };
		0FA17EC018520F6700C5BEB7 /* main.m */ = {isa = PBXFileReference; lastKnownFileType = sourcecode.c.objc; path = main.m; sourceTree = "<group>"; };
		0FA17EC218520F6700C5BEB7 /* iVirtualUTT-Prefix.pch */ = {isa = PBXFileReference; path = "iVirtualUTT-Prefix.pch"; sourceTree = "<group>"; };
		0FA17EC318520F6700C5BEB7 /* AppDelegate.h */ = {isa = PBXFileReference; path = AppDelegate.h; sourceTree = "<group>"; };
		0FA17EC418520F6700C5BEB7 /* AppDelegate.m */ = {isa = PBXFileReference; lastKnownFileType = sourcecode.c.objc; path = AppDelegate.m; sourceTree = "<group>"; };
		0FA17ECB18520F6700C5BEB7 /* iVirtualUTTTests.octest */ = {isa = PBXFileReference; explicitFileType = wrapper.cfbundle; includeInIndex = 0; path = iVirtualUTTTests.octest; sourceTree = BUILT_PRODUCTS_DIR; };
		0FA17ECC18520F6700C5BEB7 /* SenTestingKit.framework */ = {isa = PBXFileReference; lastKnownFileType = wrapper.framework; name = SenTestingKit.framework; path = Library/Frameworks/SenTestingKit.framework; sourceTree = DEVELOPER_DIR; };
		0FA17ED418520F6700C5BEB7 /* iVirtualUTTTests-Info.plist */ = {isa = PBXFileReference; path = "iVirtualUTTTests-Info.plist"; sourceTree = "<group>"; };
		0FA17ED618520F6700C5BEB7 /* en */ = {isa = PBXFileReference; lastKnownFileType = text.plist.strings; name = en; path = en.lproj/InfoPlist.strings; sourceTree = "<group>"; };
		0FA17ED818520F6700C5BEB7 /* iVirtualUTTTests.h */ = {isa = PBXFileReference; path = iVirtualUTTTests.h; sourceTree = "<group>"; };
		0FA17ED918520F6700C5BEB7 /* iVirtualUTTTests.m */ = {isa = PBXFileReference; lastKnownFileType = sourcecode.c.objc; path = iVirtualUTTTests.m; sourceTree = "<group>"; };
/* End PBXFileReference section */

/* Begin PBXFrameworksBuildPhase section */
		0FA17EAD18520F6700C5BEB7 /* Frameworks */ = {
			isa = PBXFrameworksBuildPhase;
			buildActionMask = 2147483647;
			files = (
				0FA17EB518520F6700C5BEB7 /* UIKit.framework in Frameworks */,
				0FA17EB718520F6700C5BEB7 /* Foundation.framework in Frameworks */,
				0FA17EB918520F6700C5BEB7 /* CoreGraphics.framework in Frameworks */,
			);
			runOnlyForDeploymentPostprocessing = 0;
		};
		0FA17EC718520F6700C5BEB7 /* Frameworks */ = {
			isa = PBXFrameworksBuildPhase;
			buildActionMask = 2147483647;
			files = (
				0FA17ECD18520F6700C5BEB7 /* SenTestingKit.framework in Frameworks */,
				0FA17ECE18520F6700C5BEB7 /* UIKit.framework in Frameworks */,
				0FA17ECF18520F6700C5BEB7 /* Foundation.framework in Frameworks */,
			);
			runOnlyForDeploymentPostprocessing = 0;
		};
/* End PBXFrameworksBuildPhase section */

/* Begin PBXGroup section */
		0FA17EA518520F6600C5BEB7 = {
			isa = PBXGroup;
			children = (
				0FA17EBA18520F6700C5BEB7 /* iVirtualUTT */,
				0FA17ED218520F6700C5BEB7 /* iVirtualUTTTests */,
				0FA17EB318520F6700C5BEB7 /* Frameworks */,
				0FA17EB118520F6700C5BEB7 /* Products */,
			);
			sourceTree = "<group>";
		};
		0FA17EB118520F6700C5BEB7 /* Products */ = {
			isa = PBXGroup;
			children = (
				0FA17EB018520F6700C5BEB7 /* iVirtualUTT.app */,
				0FA17ECB18520F6700C5BEB7 /* iVirtualUTTTests.octest */,
			);
			name = Products;
			sourceTree = "<group>";
		};
		0FA17EB318520F6700C5BEB7 /* Frameworks */ = {
			isa = PBXGroup;
			children = (
				0FA17EB418520F6700C5BEB7 /* UIKit.framework */,
				0FA17EB618520F6700C5BEB7 /* Foundation.framework */,
				0FA17EB818520F6700C5BEB7 /* CoreGraphics.framework */,
				0FA17ECC18520F6700C5BEB7 /* SenTestingKit.framework */,
			);
			name = Frameworks;
			sourceTree = "<group>";
		};
		0FA17EBA18520F6700C5BEB7 /* iVirtualUTT */ = {
			isa = PBXGroup;
			children = (
				0FA17EC318520F6700C5BEB7 /* AppDelegate.h */,
				0FA17EC418520F6700C5BEB7 /* AppDelegate.m */,
				0FA17EBB18520F6700C5BEB7 /* Supporting Files */,
			);
			path = iVirtualUTT;
			sourceTree = "<group>";
		};
		0FA17EBB18520F6700C5BEB7 /* Supporting Files */ = {
			isa = PBXGroup;
			children = (
				0FA17EBC18520F6700C5BEB7 /* iVirtualUTT-Info.plist */,
				0FA17EBD18520F6700C5BEB7 /* InfoPlist.strings */,
				0FA17EC018520F6700C5BEB7 /* main.m */,
				0FA17EC218520F6700C5BEB7 /* iVirtualUTT-Prefix.pch */,
			);
			name = "Supporting Files";
			sourceTree = "<group>";
		};
		0FA17ED218520F6700C5BEB7 /* iVirtualUTTTests */ = {
			isa = PBXGroup;
			children = (
				0FA17ED818520F6700C5BEB7 /* iVirtualUTTTests.h */,
				0FA17ED918520F6700C5BEB7 /* iVirtualUTTTests.m */,
				0FA17ED318520F6700C5BEB7 /* Supporting Files */,
			);
			path = iVirtualUTTTests;
			sourceTree = "<group>";
		};
		0FA17ED318520F6700C5BEB7 /* Supporting Files */ = {
			isa = PBXGroup;
			children = (
				0FA17ED418520F6700C5BEB7 /* iVirtualUTTTests-Info.plist */,
				0FA17ED518520F6700C5BEB7 /* InfoPlist.strings */,
			);
			name = "Supporting Files";
			sourceTree = "<group>";
		};
/* End PBXGroup section */

/* Begin PBXNativeTarget section */
		0FA17EAF18520F6700C5BEB7 /* iVirtualUTT */ = {
			isa = PBXNativeTarget;
			buildConfigurationList = 0FA17EDD18520F6700C5BEB7 /* Build configuration list for PBXNativeTarget "iVirtualUTT" */;
			buildPhases = (
				0FA17EAC18520F6700C5BEB7 /* Sources */,
				0FA17EAD18520F6700C5BEB7 /* Frameworks */,
				0FA17EAE18520F6700C5BEB7 /* Resources */,
			);
			buildRules = (
			);
			dependencies = (
			);
			name = iVirtualUTT;
			productName = iVirtualUTT;
			productReference = 0FA17EB018520F6700C5BEB7 /* iVirtualUTT.app */;
			productType = "com.apple.product-type.application";
		};
		0FA17ECA18520F6700C5BEB7 /* iVirtualUTTTests */ = {
			isa = PBXNativeTarget;
			buildConfigurationList = 0FA17EE018520F6700C5BEB7 /* Build configuration list for PBXNativeTarget "iVirtualUTTTests" */;
			buildPhases = (
				0FA17EC618520F6700C5BEB7 /* Sources */,
				0FA17EC718520F6700C5BEB7 /* Frameworks */,
				0FA17EC818520F6700C5BEB7 /* Resources */,
				0FA17EC918520F6700C5BEB7 /* ShellScript */,
			);
			buildRules = (
			);
			dependencies = (
				0FA17ED118520F6700C5BEB7 /* PBXTargetDependency */,
			);
			name = iVirtualUTTTests;
			productName = iVirtualUTTTests;
			productReference = 0FA17ECB18520F6700C5BEB7 /* iVirtualUTTTests.octest */;
			productType = "com.apple.product-type.bundle";
		};
/* End PBXNativeTarget section */

/* Begin PBXProject section */
		0FA17EA718520F6600C5BEB7 /* Project object */ = {
			isa = PBXProject;
			attributes = {
				LastUpgradeCheck = 0430;
			};
			buildConfigurationList = 0FA17EAA18520F6600C5BEB7 /* Build configuration list for PBXProject "iVirtualUTT" */;
			compatibilityVersion = "Xcode 3.2";
			developmentRegion = English;
			hasScannedForEncodings = 0;
			knownRegions = (
				en,
			);
			mainGroup = 0FA17EA518520F6600C5BEB7;
			productRefGroup = 0FA17EB118520F6700C5BEB7 /* Products */;
			projectDirPath = "";
			projectRoot = "";
			targets = (
				0FA17EAF18520F6700C5BEB7 /* iVirtualUTT */,
				0FA17ECA18520F6700C5BEB7 /* iVirtualUTTTests */,
			);
		};
/* End PBXProject section */

/* Begin PBXResourcesBuildPhase section */
		0FA17EAE18520F6700C5BEB7 /* Resources */ = {
			isa = PBXResourcesBuildPhase;
			buildActionMask = 2147483647;
			files = (
				0FA17EBF18520F6700C5BEB7 /* InfoPlist.strings in Resources */,
			);
			runOnlyForDeploymentPostprocessing = 0;
		};
		0FA17EC818520F6700C5BEB7 /* Resources */ = {
			isa = PBXResourcesBuildPhase;
			buildActionMask = 2147483647;
			files = (
				0FA17ED718520F6700C5BEB7 /* InfoPlist.strings in Resources */,
			);
			runOnlyForDeploymentPostprocessing = 0;
		};
/* End PBXResourcesBuildPhase section */

/* Begin PBXShellScriptBuildPhase section */
		0FA17EC918520F6700C5BEB7 /* ShellScript */ = {
			isa = PBXShellScriptBuildPhase;
			buildActionMask = 2147483647;
			files = (
			);
			inputPaths = (
			);
			outputPaths = (
			);
			runOnlyForDeploymentPostprocessing = 0;
			shellPath = /bin/sh;
			shellScript = "# Run the unit tests in this test bundle.\n\"${SYSTEM_DEVELOPER_DIR}/Tools/RunUnitTests\"\n";
		};
/* End PBXShellScriptBuildPhase section */

/* Begin PBXSourcesBuildPhase section */
		0FA17EAC18520F6700C5BEB7 /* Sources */ = {
			isa = PBXSourcesBuildPhase;
			buildActionMask = 2147483647;
			files = (
				0FA17EC118520F6700C5BEB7 /* main.m in Sources */,
				0FA17EC518520F6700C5BEB7 /* AppDelegate.m in Sources */,
			);
			runOnlyForDeploymentPostprocessing = 0;
		};
		0FA17EC618520F6700C5BEB7 /* Sources */ = {
			isa = PBXSourcesBuildPhase;
			buildActionMask = 2147483647;
			files = (
				0FA17EDA18520F6700C5BEB7 /* iVirtualUTTTests.m in Sources */,
			);
			runOnlyForDeploymentPostprocessing = 0;
		};
/* End PBXSourcesBuildPhase section */

/* Begin PBXTargetDependency section */
		0FA17ED118520F6700C5BEB7 /* PBXTargetDependency */ = {
			isa = PBXTargetDependency;
			target = 0FA17EAF18520F6700C5BEB7 /* iVirtualUTT */;
			targetProxy = 0FA17ED018520F6700C5BEB7 /* PBXContainerItemProxy */;
		};
/* End PBXTargetDependency section */

/* Begin PBXVariantGroup section */
		0FA17EBD18520F6700C5BEB7 /* InfoPlist.strings */ = {
			isa = PBXVariantGroup;
			children = (
				0FA17EBE18520F6700C5BEB7 /* en */,
			);
			name = InfoPlist.strings;
			sourceTree = "<group>";
		};
		0FA17ED518520F6700C5BEB7 /* InfoPlist.strings */ = {
			isa = PBXVariantGroup;
			children = (
				0FA17ED618520F6700C5BEB7 /* en */,
			);
			name = InfoPlist.strings;
			sourceTree = "<group>";
		};
/* End PBXVariantGroup section */

/* Begin XCBuildConfiguration section */
		0FA17EDB18520F6700C5BEB7 /* Debug */ = {
			isa = XCBuildConfiguration;
			buildSettings = {
				ALWAYS_SEARCH_USER_PATHS = NO;
				ARCHS = "$(ARCHS_STANDARD_32_BIT)";
				CLANG_ENABLE_OBJC_ARC = YES;
				"CODE_SIGN_IDENTITY[sdk=iphoneos*]" = "iPhone Developer";
				COPY_PHASE_STRIP = NO;
				GCC_C_LANGUAGE_STANDARD = gnu99;
				GCC_DYNAMIC_NO_PIC = NO;
				GCC_OPTIMIZATION_LEVEL = 0;
				GCC_PREPROCESSOR_DEFINITIONS = (
					"DEBUG=1",
					"$(inherited)",
				);
				GCC_SYMBOLS_PRIVATE_EXTERN = NO;
				GCC_VERSION = com.apple.compilers.llvm.clang.1_0;
				GCC_WARN_ABOUT_RETURN_TYPE = YES;
				GCC_WARN_UNINITIALIZED_AUTOS = YES;
				GCC_WARN_UNUSED_VARIABLE = YES;
				IPHONEOS_DEPLOYMENT_TARGET = 5.1;
				SDKROOT = iphoneos;
			};
			name = Debug;
		};
		0FA17EDC18520F6700C5BEB7 /* Release */ = {
			isa = XCBuildConfiguration;
			buildSettings = {
				ALWAYS_SEARCH_USER_PATHS = NO;
				ARCHS = "$(ARCHS_STANDARD_32_BIT)";
				CLANG_ENABLE_OBJC_ARC = YES;
				"CODE_SIGN_IDENTITY[sdk=iphoneos*]" = "iPhone Developer";
				COPY_PHASE_STRIP = YES;
				GCC_C_LANGUAGE_STANDARD = gnu99;
				GCC_VERSION = com.apple.compilers.llvm.clang.1_0;
				GCC_WARN_ABOUT_RETURN_TYPE = YES;
				GCC_WARN_UNINITIALIZED_AUTOS = YES;
				GCC_WARN_UNUSED_VARIABLE = YES;
				IPHONEOS_DEPLOYMENT_TARGET = 5.1;
				OTHER_CFLAGS = "-DNS_BLOCK_ASSERTIONS=1";
				SDKROOT = iphoneos;
				VALIDATE_PRODUCT = YES;
			};
			name = Release;
		};
		0FA17EDE18520F6700C5BEB7 /* Debug */ = {
			isa = XCBuildConfiguration;
			buildSettings = {
				GCC_PRECOMPILE_PREFIX_HEADER = YES;
				GCC_PREFIX_HEADER = "iVirtualUTT/iVirtualUTT-Prefix.pch";
				INFOPLIST_FILE = "iVirtualUTT/iVirtualUTT-Info.plist";
				PRODUCT_NAME = "$(TARGET_NAME)";
				WRAPPER_EXTENSION = app;
			};
			name = Debug;
		};
		0FA17EDF18520F6700C5BEB7 /* Release */ = {
			isa = XCBuildConfiguration;
			buildSettings = {
				GCC_PRECOMPILE_PREFIX_HEADER = YES;
				GCC_PREFIX_HEADER = "iVirtualUTT/iVirtualUTT-Prefix.pch";
				INFOPLIST_FILE = "iVirtualUTT/iVirtualUTT-Info.plist";
				PRODUCT_NAME = "$(TARGET_NAME)";
				WRAPPER_EXTENSION = app;
			};
			name = Release;
		};
		0FA17EE118520F6700C5BEB7 /* Debug */ = {
			isa = XCBuildConfiguration;
			buildSettings = {
				BUNDLE_LOADER = "$(BUILT_PRODUCTS_DIR)/iVirtualUTT.app/iVirtualUTT";
				FRAMEWORK_SEARCH_PATHS = (
					"$(SDKROOT)/Developer/Library/Frameworks",
					"$(DEVELOPER_LIBRARY_DIR)/Frameworks",
				);
				GCC_PRECOMPILE_PREFIX_HEADER = YES;
				GCC_PREFIX_HEADER = "iVirtualUTT/iVirtualUTT-Prefix.pch";
				INFOPLIST_FILE = "iVirtualUTTTests/iVirtualUTTTests-Info.plist";
				PRODUCT_NAME = "$(TARGET_NAME)";
				TEST_HOST = "$(BUNDLE_LOADER)";
				WRAPPER_EXTENSION = octest;
			};
			name = Debug;
		};
		0FA17EE218520F6700C5BEB7 /* Release */ = {
			isa = XCBuildConfiguration;
			buildSettings = {
				BUNDLE_LOADER = "$(BUILT_PRODUCTS_DIR)/iVirtualUTT.app/iVirtualUTT";
				FRAMEWORK_SEARCH_PATHS = (
					"$(SDKROOT)/Developer/Library/Frameworks",
					"$(DEVELOPER_LIBRARY_DIR)/Frameworks",
				);
				GCC_PRECOMPILE_PREFIX_HEADER = YES;
				GCC_PREFIX_HEADER = "iVirtualUTT/iVirtualUTT-Prefix.pch";
				INFOPLIST_FILE = "iVirtualUTTTests/iVirtualUTTTests-Info.plist";
				PRODUCT_NAME = "$(TARGET_NAME)";
				TEST_HOST = "$(BUNDLE_LOADER)";
				WRAPPER_EXTENSION = octest;
			};
			name = Release;
		};
/* End XCBuildConfiguration section */

/* Begin XCConfigurationList section */
		0FA17EAA18520F6600C5BEB7 /* Build configuration list for PBXProject "iVirtualUTT" */ = {
			isa = XCConfigurationList;
			buildConfigurations = (
				0FA17EDB18520F6700C5BEB7 /* Debug */,
				0FA17EDC18520F6700C5BEB7 /* Release */,
			);
			defaultConfigurationIsVisible = 0;
			defaultConfigurationName = Release;
		};
		0FA17EDD18520F6700C5BEB7 /* Build configuration list for PBXNativeTarget "iVirtualUTT" */ = {
			isa = XCConfigurationList;
			buildConfigurations = (
				0FA17EDE18520F6700C5BEB7 /* Debug */,
				0FA17EDF18520F6700C5BEB7 /* Release */,
			);
			defaultConfigurationIsVisible = 0;
		};
		0FA17EE018520F6700C5BEB7 /* Build configuration list for PBXNativeTarget "iVirtualUTTTests" */ = {
			isa = XCConfigurationList;
			buildConfigurations = (
				0FA17EE118520F6700C5BEB7 /* Debug */,
				0FA17EE218520F6700C5BEB7 /* Release */,
			);
			defaultConfigurationIsVisible = 0;
		};
/* End XCConfigurationList section */
	};
	rootObject = 0FA17EA718520F6600C5BEB7 /* Project object */;
}
